// !$*UTF8*$!
{
	archiveVersion = 1;
	classes = {
	};
	objectVersion = 52;
	objects = {

/* Begin PBXBuildFile section */
		D3068184285A216300FF3784 /* SimpleRoulette in Frameworks */ = {isa = PBXBuildFile; productRef = D3068183285A216300FF3784 /* SimpleRoulette */; };
		D3068186285A216B00FF3784 /* SimpleRoulette in Frameworks */ = {isa = PBXBuildFile; productRef = D3068185285A216B00FF3784 /* SimpleRoulette */; };
		D3BA584527E6BFE900254CAD /* DemoApp.swift in Sources */ = {isa = PBXBuildFile; fileRef = D3BA583627E6BFE700254CAD /* DemoApp.swift */; };
		D3BA584627E6BFE900254CAD /* DemoApp.swift in Sources */ = {isa = PBXBuildFile; fileRef = D3BA583627E6BFE700254CAD /* DemoApp.swift */; };
		D3BA584727E6BFE900254CAD /* ContentView.swift in Sources */ = {isa = PBXBuildFile; fileRef = D3BA583727E6BFE700254CAD /* ContentView.swift */; };
		D3BA584827E6BFE900254CAD /* ContentView.swift in Sources */ = {isa = PBXBuildFile; fileRef = D3BA583727E6BFE700254CAD /* ContentView.swift */; };
		D3BA584927E6BFE900254CAD /* Assets.xcassets in Resources */ = {isa = PBXBuildFile; fileRef = D3BA583827E6BFE900254CAD /* Assets.xcassets */; };
		D3BA584A27E6BFE900254CAD /* Assets.xcassets in Resources */ = {isa = PBXBuildFile; fileRef = D3BA583827E6BFE900254CAD /* Assets.xcassets */; };
/* End PBXBuildFile section */

/* Begin PBXCopyFilesBuildPhase section */
		D3BA585527E6C04B00254CAD /* Embed Frameworks */ = {
			isa = PBXCopyFilesBuildPhase;
			buildActionMask = 2147483647;
			dstPath = "";
			dstSubfolderSpec = 10;
			files = (
			);
			name = "Embed Frameworks";
			runOnlyForDeploymentPostprocessing = 0;
		};
		D3BA585A27E6C04E00254CAD /* Embed Frameworks */ = {
			isa = PBXCopyFilesBuildPhase;
			buildActionMask = 2147483647;
			dstPath = "";
			dstSubfolderSpec = 10;
			files = (
			);
			name = "Embed Frameworks";
			runOnlyForDeploymentPostprocessing = 0;
		};
/* End PBXCopyFilesBuildPhase section */

/* Begin PBXFileReference section */
		D3BA583627E6BFE700254CAD /* DemoApp.swift */ = {isa = PBXFileReference; lastKnownFileType = sourcecode.swift; path = DemoApp.swift; sourceTree = "<group>"; };
		D3BA583727E6BFE700254CAD /* ContentView.swift */ = {isa = PBXFileReference; lastKnownFileType = sourcecode.swift; path = ContentView.swift; sourceTree = "<group>"; };
		D3BA583827E6BFE900254CAD /* Assets.xcassets */ = {isa = PBXFileReference; lastKnownFileType = folder.assetcatalog; path = Assets.xcassets; sourceTree = "<group>"; };
		D3BA583D27E6BFE900254CAD /* Demo.app */ = {isa = PBXFileReference; explicitFileType = wrapper.application; includeInIndex = 0; path = Demo.app; sourceTree = BUILT_PRODUCTS_DIR; };
		D3BA584227E6BFE900254CAD /* Demo.app */ = {isa = PBXFileReference; explicitFileType = wrapper.application; includeInIndex = 0; path = Demo.app; sourceTree = BUILT_PRODUCTS_DIR; };
		D3BA584427E6BFE900254CAD /* macOS.entitlements */ = {isa = PBXFileReference; lastKnownFileType = text.plist.entitlements; path = macOS.entitlements; sourceTree = "<group>"; };
		D3BA585B27E6D03100254CAD /* Demo--iOS--Info.plist */ = {isa = PBXFileReference; lastKnownFileType = text.plist; path = "Demo--iOS--Info.plist"; sourceTree = "<group>"; };
/* End PBXFileReference section */

/* Begin PBXFrameworksBuildPhase section */
		D3BA583A27E6BFE900254CAD /* Frameworks */ = {
			isa = PBXFrameworksBuildPhase;
			buildActionMask = 2147483647;
			files = (
				D3068184285A216300FF3784 /* SimpleRoulette in Frameworks */,
			);
			runOnlyForDeploymentPostprocessing = 0;
		};
		D3BA583F27E6BFE900254CAD /* Frameworks */ = {
			isa = PBXFrameworksBuildPhase;
			buildActionMask = 2147483647;
			files = (
				D3068186285A216B00FF3784 /* SimpleRoulette in Frameworks */,
			);
			runOnlyForDeploymentPostprocessing = 0;
		};
/* End PBXFrameworksBuildPhase section */

/* Begin PBXGroup section */
		D35C37152480A1F70029CDA8 = {
			isa = PBXGroup;
			children = (
				D3BA585B27E6D03100254CAD /* Demo--iOS--Info.plist */,
				D3BA583527E6BFE700254CAD /* Shared */,
				D3BA584327E6BFE900254CAD /* macOS */,
				D35C37202480A1F70029CDA8 /* Products */,
				D3C1267524827B470057D327 /* Frameworks */,
			);
			sourceTree = "<group>";
		};
		D35C37202480A1F70029CDA8 /* Products */ = {
			isa = PBXGroup;
			children = (
				D3BA583D27E6BFE900254CAD /* Demo.app */,
				D3BA584227E6BFE900254CAD /* Demo.app */,
			);
			name = Products;
			sourceTree = "<group>";
		};
		D3BA583527E6BFE700254CAD /* Shared */ = {
			isa = PBXGroup;
			children = (
				D3BA583627E6BFE700254CAD /* DemoApp.swift */,
				D3BA583727E6BFE700254CAD /* ContentView.swift */,
				D3BA583827E6BFE900254CAD /* Assets.xcassets */,
			);
			path = Shared;
			sourceTree = "<group>";
		};
		D3BA584327E6BFE900254CAD /* macOS */ = {
			isa = PBXGroup;
			children = (
				D3BA584427E6BFE900254CAD /* macOS.entitlements */,
			);
			path = macOS;
			sourceTree = "<group>";
		};
		D3C1267524827B470057D327 /* Frameworks */ = {
			isa = PBXGroup;
			children = (
			);
			name = Frameworks;
			sourceTree = "<group>";
		};
/* End PBXGroup section */

/* Begin PBXNativeTarget section */
		D3BA583C27E6BFE900254CAD /* Demo (iOS) */ = {
			isa = PBXNativeTarget;
			buildConfigurationList = D3BA584B27E6BFE900254CAD /* Build configuration list for PBXNativeTarget "Demo (iOS)" */;
			buildPhases = (
				D3BA583927E6BFE900254CAD /* Sources */,
				D3BA583A27E6BFE900254CAD /* Frameworks */,
				D3BA583B27E6BFE900254CAD /* Resources */,
				D3BA585527E6C04B00254CAD /* Embed Frameworks */,
			);
			buildRules = (
			);
			dependencies = (
			);
			name = "Demo (iOS)";
			packageProductDependencies = (
				D3068183285A216300FF3784 /* SimpleRoulette */,
			);
			productName = "Demo (iOS)";
			productReference = D3BA583D27E6BFE900254CAD /* Demo.app */;
			productType = "com.apple.product-type.application";
		};
		D3BA584127E6BFE900254CAD /* Demo (macOS) */ = {
			isa = PBXNativeTarget;
			buildConfigurationList = D3BA584E27E6BFE900254CAD /* Build configuration list for PBXNativeTarget "Demo (macOS)" */;
			buildPhases = (
				D3BA583E27E6BFE900254CAD /* Sources */,
				D3BA583F27E6BFE900254CAD /* Frameworks */,
				D3BA584027E6BFE900254CAD /* Resources */,
				D3BA585A27E6C04E00254CAD /* Embed Frameworks */,
			);
			buildRules = (
			);
			dependencies = (
			);
			name = "Demo (macOS)";
			packageProductDependencies = (
				D3068185285A216B00FF3784 /* SimpleRoulette */,
			);
			productName = "Demo (macOS)";
			productReference = D3BA584227E6BFE900254CAD /* Demo.app */;
			productType = "com.apple.product-type.application";
		};
/* End PBXNativeTarget section */

/* Begin PBXProject section */
		D35C37162480A1F70029CDA8 /* Project object */ = {
			isa = PBXProject;
			attributes = {
				LastSwiftUpdateCheck = 1330;
				LastUpgradeCheck = 1150;
				ORGANIZATIONNAME = "Fumiya Tanaka";
				TargetAttributes = {
					D3BA583C27E6BFE900254CAD = {
						CreatedOnToolsVersion = 13.3;
					};
					D3BA584127E6BFE900254CAD = {
						CreatedOnToolsVersion = 13.3;
					};
				};
			};
			buildConfigurationList = D35C37192480A1F70029CDA8 /* Build configuration list for PBXProject "DemoApp" */;
			compatibilityVersion = "Xcode 9.3";
			developmentRegion = en;
			hasScannedForEncodings = 0;
			knownRegions = (
				en,
				Base,
			);
			mainGroup = D35C37152480A1F70029CDA8;
			packageReferences = (
				D3068182285A216300FF3784 /* XCRemoteSwiftPackageReference "SimpleRoulette" */,
			);
			productRefGroup = D35C37202480A1F70029CDA8 /* Products */;
			projectDirPath = "";
			projectRoot = "";
			targets = (
				D3BA583C27E6BFE900254CAD /* Demo (iOS) */,
				D3BA584127E6BFE900254CAD /* Demo (macOS) */,
			);
		};
/* End PBXProject section */

/* Begin PBXResourcesBuildPhase section */
		D3BA583B27E6BFE900254CAD /* Resources */ = {
			isa = PBXResourcesBuildPhase;
			buildActionMask = 2147483647;
			files = (
				D3BA584927E6BFE900254CAD /* Assets.xcassets in Resources */,
			);
			runOnlyForDeploymentPostprocessing = 0;
		};
		D3BA584027E6BFE900254CAD /* Resources */ = {
			isa = PBXResourcesBuildPhase;
			buildActionMask = 2147483647;
			files = (
				D3BA584A27E6BFE900254CAD /* Assets.xcassets in Resources */,
			);
			runOnlyForDeploymentPostprocessing = 0;
		};
/* End PBXResourcesBuildPhase section */

/* Begin PBXSourcesBuildPhase section */
		D3BA583927E6BFE900254CAD /* Sources */ = {
			isa = PBXSourcesBuildPhase;
			buildActionMask = 2147483647;
			files = (
				D3BA584727E6BFE900254CAD /* ContentView.swift in Sources */,
				D3BA584527E6BFE900254CAD /* DemoApp.swift in Sources */,
			);
			runOnlyForDeploymentPostprocessing = 0;
		};
		D3BA583E27E6BFE900254CAD /* Sources */ = {
			isa = PBXSourcesBuildPhase;
			buildActionMask = 2147483647;
			files = (
				D3BA584827E6BFE900254CAD /* ContentView.swift in Sources */,
				D3BA584627E6BFE900254CAD /* DemoApp.swift in Sources */,
			);
			runOnlyForDeploymentPostprocessing = 0;
		};
/* End PBXSourcesBuildPhase section */

/* Begin XCBuildConfiguration section */
		D35C37312480A1F70029CDA8 /* Debug */ = {
			isa = XCBuildConfiguration;
			buildSettings = {
				ALWAYS_SEARCH_USER_PATHS = NO;
				CLANG_ANALYZER_NONNULL = YES;
				CLANG_ANALYZER_NUMBER_OBJECT_CONVERSION = YES_AGGRESSIVE;
				CLANG_CXX_LANGUAGE_STANDARD = "gnu++14";
				CLANG_CXX_LIBRARY = "libc++";
				CLANG_ENABLE_MODULES = YES;
				CLANG_ENABLE_OBJC_ARC = YES;
				CLANG_ENABLE_OBJC_WEAK = YES;
				CLANG_WARN_BLOCK_CAPTURE_AUTORELEASING = YES;
				CLANG_WARN_BOOL_CONVERSION = YES;
				CLANG_WARN_COMMA = YES;
				CLANG_WARN_CONSTANT_CONVERSION = YES;
				CLANG_WARN_DEPRECATED_OBJC_IMPLEMENTATIONS = YES;
				CLANG_WARN_DIRECT_OBJC_ISA_USAGE = YES_ERROR;
				CLANG_WARN_DOCUMENTATION_COMMENTS = YES;
				CLANG_WARN_EMPTY_BODY = YES;
				CLANG_WARN_ENUM_CONVERSION = YES;
				CLANG_WARN_INFINITE_RECURSION = YES;
				CLANG_WARN_INT_CONVERSION = YES;
				CLANG_WARN_NON_LITERAL_NULL_CONVERSION = YES;
				CLANG_WARN_OBJC_IMPLICIT_RETAIN_SELF = YES;
				CLANG_WARN_OBJC_LITERAL_CONVERSION = YES;
				CLANG_WARN_OBJC_ROOT_CLASS = YES_ERROR;
				CLANG_WARN_RANGE_LOOP_ANALYSIS = YES;
				CLANG_WARN_STRICT_PROTOTYPES = YES;
				CLANG_WARN_SUSPICIOUS_MOVE = YES;
				CLANG_WARN_UNGUARDED_AVAILABILITY = YES_AGGRESSIVE;
				CLANG_WARN_UNREACHABLE_CODE = YES;
				CLANG_WARN__DUPLICATE_METHOD_MATCH = YES;
				COPY_PHASE_STRIP = NO;
				CURRENT_PROJECT_VERSION = 1;
				DEBUG_INFORMATION_FORMAT = dwarf;
				ENABLE_STRICT_OBJC_MSGSEND = YES;
				ENABLE_TESTABILITY = YES;
				GCC_C_LANGUAGE_STANDARD = gnu11;
				GCC_DYNAMIC_NO_PIC = NO;
				GCC_NO_COMMON_BLOCKS = YES;
				GCC_OPTIMIZATION_LEVEL = 0;
				GCC_PREPROCESSOR_DEFINITIONS = (
					"DEBUG=1",
					"$(inherited)",
				);
				GCC_WARN_64_TO_32_BIT_CONVERSION = YES;
				GCC_WARN_ABOUT_RETURN_TYPE = YES_ERROR;
				GCC_WARN_UNDECLARED_SELECTOR = YES;
				GCC_WARN_UNINITIALIZED_AUTOS = YES_AGGRESSIVE;
				GCC_WARN_UNUSED_FUNCTION = YES;
				GCC_WARN_UNUSED_VARIABLE = YES;
				IPHONEOS_DEPLOYMENT_TARGET = 14.0;
				MACOSX_DEPLOYMENT_TARGET = 12.0;
				MTL_ENABLE_DEBUG_INFO = INCLUDE_SOURCE;
				MTL_FAST_MATH = YES;
				ONLY_ACTIVE_ARCH = YES;
				SDKROOT = iphoneos;
				SWIFT_ACTIVE_COMPILATION_CONDITIONS = DEBUG;
				SWIFT_OPTIMIZATION_LEVEL = "-Onone";
				VERSIONING_SYSTEM = "apple-generic";
				VERSION_INFO_PREFIX = "";
			};
			name = Debug;
		};
		D35C37322480A1F70029CDA8 /* Release */ = {
			isa = XCBuildConfiguration;
			buildSettings = {
				ALWAYS_SEARCH_USER_PATHS = NO;
				CLANG_ANALYZER_NONNULL = YES;
				CLANG_ANALYZER_NUMBER_OBJECT_CONVERSION = YES_AGGRESSIVE;
				CLANG_CXX_LANGUAGE_STANDARD = "gnu++14";
				CLANG_CXX_LIBRARY = "libc++";
				CLANG_ENABLE_MODULES = YES;
				CLANG_ENABLE_OBJC_ARC = YES;
				CLANG_ENABLE_OBJC_WEAK = YES;
				CLANG_WARN_BLOCK_CAPTURE_AUTORELEASING = YES;
				CLANG_WARN_BOOL_CONVERSION = YES;
				CLANG_WARN_COMMA = YES;
				CLANG_WARN_CONSTANT_CONVERSION = YES;
				CLANG_WARN_DEPRECATED_OBJC_IMPLEMENTATIONS = YES;
				CLANG_WARN_DIRECT_OBJC_ISA_USAGE = YES_ERROR;
				CLANG_WARN_DOCUMENTATION_COMMENTS = YES;
				CLANG_WARN_EMPTY_BODY = YES;
				CLANG_WARN_ENUM_CONVERSION = YES;
				CLANG_WARN_INFINITE_RECURSION = YES;
				CLANG_WARN_INT_CONVERSION = YES;
				CLANG_WARN_NON_LITERAL_NULL_CONVERSION = YES;
				CLANG_WARN_OBJC_IMPLICIT_RETAIN_SELF = YES;
				CLANG_WARN_OBJC_LITERAL_CONVERSION = YES;
				CLANG_WARN_OBJC_ROOT_CLASS = YES_ERROR;
				CLANG_WARN_RANGE_LOOP_ANALYSIS = YES;
				CLANG_WARN_STRICT_PROTOTYPES = YES;
				CLANG_WARN_SUSPICIOUS_MOVE = YES;
				CLANG_WARN_UNGUARDED_AVAILABILITY = YES_AGGRESSIVE;
				CLANG_WARN_UNREACHABLE_CODE = YES;
				CLANG_WARN__DUPLICATE_METHOD_MATCH = YES;
				COPY_PHASE_STRIP = NO;
				CURRENT_PROJECT_VERSION = 1;
				DEBUG_INFORMATION_FORMAT = "dwarf-with-dsym";
				ENABLE_NS_ASSERTIONS = NO;
				ENABLE_STRICT_OBJC_MSGSEND = YES;
				GCC_C_LANGUAGE_STANDARD = gnu11;
				GCC_NO_COMMON_BLOCKS = YES;
				GCC_WARN_64_TO_32_BIT_CONVERSION = YES;
				GCC_WARN_ABOUT_RETURN_TYPE = YES_ERROR;
				GCC_WARN_UNDECLARED_SELECTOR = YES;
				GCC_WARN_UNINITIALIZED_AUTOS = YES_AGGRESSIVE;
				GCC_WARN_UNUSED_FUNCTION = YES;
				GCC_WARN_UNUSED_VARIABLE = YES;
				IPHONEOS_DEPLOYMENT_TARGET = 14.0;
				MACOSX_DEPLOYMENT_TARGET = 12.0;
				MTL_ENABLE_DEBUG_INFO = NO;
				MTL_FAST_MATH = YES;
				SDKROOT = iphoneos;
				SWIFT_COMPILATION_MODE = wholemodule;
				SWIFT_OPTIMIZATION_LEVEL = "-O";
				VALIDATE_PRODUCT = YES;
				VERSIONING_SYSTEM = "apple-generic";
				VERSION_INFO_PREFIX = "";
			};
			name = Release;
		};
		D3BA584C27E6BFE900254CAD /* Debug */ = {
			isa = XCBuildConfiguration;
			buildSettings = {
				ASSETCATALOG_COMPILER_APPICON_NAME = AppIcon;
				ASSETCATALOG_COMPILER_GLOBAL_ACCENT_COLOR_NAME = AccentColor;
				CLANG_CXX_LANGUAGE_STANDARD = "gnu++17";
				CLANG_WARN_QUOTED_INCLUDE_IN_FRAMEWORK_HEADER = YES;
				CODE_SIGN_STYLE = Automatic;
				CURRENT_PROJECT_VERSION = 1;
				DEVELOPMENT_TEAM = S8WBNKMKYU;
				ENABLE_PREVIEWS = YES;
				GENERATE_INFOPLIST_FILE = YES;
				INFOPLIST_FILE = "Demo--iOS--Info.plist";
				INFOPLIST_KEY_UIApplicationSceneManifest_Generation = YES;
				INFOPLIST_KEY_UIApplicationSupportsIndirectInputEvents = YES;
				INFOPLIST_KEY_UILaunchScreen_Generation = YES;
				INFOPLIST_KEY_UISupportedInterfaceOrientations_iPad = "UIInterfaceOrientationPortrait UIInterfaceOrientationPortraitUpsideDown UIInterfaceOrientationLandscapeLeft UIInterfaceOrientationLandscapeRight";
				INFOPLIST_KEY_UISupportedInterfaceOrientations_iPhone = "UIInterfaceOrientationPortrait UIInterfaceOrientationLandscapeLeft UIInterfaceOrientationLandscapeRight";
				IPHONEOS_DEPLOYMENT_TARGET = 15.0;
				LD_RUNPATH_SEARCH_PATHS = (
					"$(inherited)",
					"@executable_path/Frameworks",
				);
				MARKETING_VERSION = 1.0;
				PRODUCT_BUNDLE_IDENTIFIER = dev.fummicc1.SimpleRoulette.Demo;
				PRODUCT_NAME = Demo;
				SDKROOT = iphoneos;
				SWIFT_EMIT_LOC_STRINGS = YES;
				SWIFT_VERSION = 5.0;
				TARGETED_DEVICE_FAMILY = "1,2";
			};
			name = Debug;
		};
		D3BA584D27E6BFE900254CAD /* Release */ = {
			isa = XCBuildConfiguration;
			buildSettings = {
				ASSETCATALOG_COMPILER_APPICON_NAME = AppIcon;
				ASSETCATALOG_COMPILER_GLOBAL_ACCENT_COLOR_NAME = AccentColor;
				CLANG_CXX_LANGUAGE_STANDARD = "gnu++17";
				CLANG_WARN_QUOTED_INCLUDE_IN_FRAMEWORK_HEADER = YES;
				CODE_SIGN_STYLE = Automatic;
				CURRENT_PROJECT_VERSION = 1;
				DEVELOPMENT_TEAM = S8WBNKMKYU;
				ENABLE_PREVIEWS = YES;
				GENERATE_INFOPLIST_FILE = YES;
				INFOPLIST_FILE = "Demo--iOS--Info.plist";
				INFOPLIST_KEY_UIApplicationSceneManifest_Generation = YES;
				INFOPLIST_KEY_UIApplicationSupportsIndirectInputEvents = YES;
				INFOPLIST_KEY_UILaunchScreen_Generation = YES;
				INFOPLIST_KEY_UISupportedInterfaceOrientations_iPad = "UIInterfaceOrientationPortrait UIInterfaceOrientationPortraitUpsideDown UIInterfaceOrientationLandscapeLeft UIInterfaceOrientationLandscapeRight";
				INFOPLIST_KEY_UISupportedInterfaceOrientations_iPhone = "UIInterfaceOrientationPortrait UIInterfaceOrientationLandscapeLeft UIInterfaceOrientationLandscapeRight";
				IPHONEOS_DEPLOYMENT_TARGET = 15.0;
				LD_RUNPATH_SEARCH_PATHS = (
					"$(inherited)",
					"@executable_path/Frameworks",
				);
				MARKETING_VERSION = 1.0;
				PRODUCT_BUNDLE_IDENTIFIER = dev.fummicc1.SimpleRoulette.Demo;
				PRODUCT_NAME = Demo;
				SDKROOT = iphoneos;
				SWIFT_EMIT_LOC_STRINGS = YES;
				SWIFT_VERSION = 5.0;
				TARGETED_DEVICE_FAMILY = "1,2";
				VALIDATE_PRODUCT = YES;
			};
			name = Release;
		};
		D3BA584F27E6BFE900254CAD /* Debug */ = {
			isa = XCBuildConfiguration;
			buildSettings = {
				ALLOW_TARGET_PLATFORM_SPECIALIZATION = YES;
				ASSETCATALOG_COMPILER_APPICON_NAME = AppIcon;
				ASSETCATALOG_COMPILER_GLOBAL_ACCENT_COLOR_NAME = AccentColor;
				CLANG_CXX_LANGUAGE_STANDARD = "gnu++17";
				CLANG_WARN_QUOTED_INCLUDE_IN_FRAMEWORK_HEADER = YES;
				CODE_SIGN_ENTITLEMENTS = macOS/macOS.entitlements;
				CODE_SIGN_STYLE = Automatic;
				COMBINE_HIDPI_IMAGES = YES;
				CURRENT_PROJECT_VERSION = 1;
				DEVELOPMENT_TEAM = S8WBNKMKYU;
				ENABLE_HARDENED_RUNTIME = YES;
				ENABLE_PREVIEWS = YES;
				GENERATE_INFOPLIST_FILE = YES;
				INFOPLIST_KEY_NSHumanReadableCopyright = "Copyright © 2022 Fumiya Tanaka. All rights reserved.";
				LD_RUNPATH_SEARCH_PATHS = (
					"$(inherited)",
					"@executable_path/../Frameworks",
				);
				MACOSX_DEPLOYMENT_TARGET = 12.0;
				MARKETING_VERSION = 1.0;
				PRODUCT_BUNDLE_IDENTIFIER = dev.fummicc1.SimpleRoulette.Demo;
				PRODUCT_NAME = Demo;
				SDKROOT = macosx;
				SUPPORTS_MACCATALYST = YES;
				SWIFT_EMIT_LOC_STRINGS = YES;
				SWIFT_VERSION = 5.0;
			};
			name = Debug;
		};
		D3BA585027E6BFE900254CAD /* Release */ = {
			isa = XCBuildConfiguration;
			buildSettings = {
				ALLOW_TARGET_PLATFORM_SPECIALIZATION = YES;
				ASSETCATALOG_COMPILER_APPICON_NAME = AppIcon;
				ASSETCATALOG_COMPILER_GLOBAL_ACCENT_COLOR_NAME = AccentColor;
				CLANG_CXX_LANGUAGE_STANDARD = "gnu++17";
				CLANG_WARN_QUOTED_INCLUDE_IN_FRAMEWORK_HEADER = YES;
				CODE_SIGN_ENTITLEMENTS = macOS/macOS.entitlements;
				CODE_SIGN_STYLE = Automatic;
				COMBINE_HIDPI_IMAGES = YES;
				CURRENT_PROJECT_VERSION = 1;
				DEVELOPMENT_TEAM = S8WBNKMKYU;
				ENABLE_HARDENED_RUNTIME = YES;
				ENABLE_PREVIEWS = YES;
				GENERATE_INFOPLIST_FILE = YES;
				INFOPLIST_KEY_NSHumanReadableCopyright = "Copyright © 2022 Fumiya Tanaka. All rights reserved.";
				LD_RUNPATH_SEARCH_PATHS = (
					"$(inherited)",
					"@executable_path/../Frameworks",
				);
				MACOSX_DEPLOYMENT_TARGET = 12.0;
				MARKETING_VERSION = 1.0;
				PRODUCT_BUNDLE_IDENTIFIER = dev.fummicc1.SimpleRoulette.Demo;
				PRODUCT_NAME = Demo;
				SDKROOT = macosx;
				SUPPORTS_MACCATALYST = YES;
				SWIFT_EMIT_LOC_STRINGS = YES;
				SWIFT_VERSION = 5.0;
			};
			name = Release;
		};
/* End XCBuildConfiguration section */

/* Begin XCConfigurationList section */
		D35C37192480A1F70029CDA8 /* Build configuration list for PBXProject "DemoApp" */ = {
			isa = XCConfigurationList;
			buildConfigurations = (
				D35C37312480A1F70029CDA8 /* Debug */,
				D35C37322480A1F70029CDA8 /* Release */,
			);
			defaultConfigurationIsVisible = 0;
			defaultConfigurationName = Release;
		};
		D3BA584B27E6BFE900254CAD /* Build configuration list for PBXNativeTarget "Demo (iOS)" */ = {
			isa = XCConfigurationList;
			buildConfigurations = (
				D3BA584C27E6BFE900254CAD /* Debug */,
				D3BA584D27E6BFE900254CAD /* Release */,
			);
			defaultConfigurationIsVisible = 0;
			defaultConfigurationName = Release;
		};
		D3BA584E27E6BFE900254CAD /* Build configuration list for PBXNativeTarget "Demo (macOS)" */ = {
			isa = XCConfigurationList;
			buildConfigurations = (
				D3BA584F27E6BFE900254CAD /* Debug */,
				D3BA585027E6BFE900254CAD /* Release */,
			);
			defaultConfigurationIsVisible = 0;
			defaultConfigurationName = Release;
		};
/* End XCConfigurationList section */

/* Begin XCRemoteSwiftPackageReference section */
		D3068182285A216300FF3784 /* XCRemoteSwiftPackageReference "SimpleRoulette" */ = {
			isa = XCRemoteSwiftPackageReference;
			repositoryURL = "https://github.com/fummicc1/SimpleRoulette";
			requirement = {
				branch = feature/simplify;
				kind = branch;
			};
		};
/* End XCRemoteSwiftPackageReference section */

/* Begin XCSwiftPackageProductDependency section */
		D3068183285A216300FF3784 /* SimpleRoulette */ = {
			isa = XCSwiftPackageProductDependency;
			package = D3068182285A216300FF3784 /* XCRemoteSwiftPackageReference "SimpleRoulette" */;
			productName = SimpleRoulette;
		};
		D3068185285A216B00FF3784 /* SimpleRoulette */ = {
			isa = XCSwiftPackageProductDependency;
			package = D3068182285A216300FF3784 /* XCRemoteSwiftPackageReference "SimpleRoulette" */;
			productName = SimpleRoulette;
		};
/* End XCSwiftPackageProductDependency section */
	};
	rootObject = D35C37162480A1F70029CDA8 /* Project object */;
}
