{
  "pins" : [
    {
      "identity" : "simpleroulette",
      "kind" : "remoteSourceControl",
      "location" : "https://github.com/fummicc1/SimpleRoulette",
      "state" : {
        "branch" : "main",
        "revision" : "8f2f8e631dfe9c9bf4fe962c01f93cfeba8c179f"
      }
    }
  ],
  "version" : 2
}
