{
  "pins" : [
    {
      "identity" : "simpleroulette",
      "kind" : "remoteSourceControl",
      "location" : "https://github.com/fummicc1/SimpleRoulette",
      "state" : {
        "branch" : "feature/simplify",
        "revision" : "b89c0e1b9bc833220042753ee8888610c5f98bc2"
      }
    }
  ],
  "version" : 2
}
