{
  "pins" : [
    {
      "identity" : "simpleroulette",
      "kind" : "remoteSourceControl",
      "location" : "https://github.com/fummicc1/SimpleRoulette",
      "state" : {
        "branch" : "feature/simplify",
        "revision" : "5bd40ea6ed391bbf111919bfc3db695698ab2e68"
      }
    }
  ],
  "version" : 2
}
