// !$*UTF8*$!
{
	archiveVersion = 1;
	classes = {
	};
	objectVersion = 50;
	objects = {

/* Begin PBXBuildFile section */
		D35C37292480A1F70029CDA8 /* SimpleRoulette.framework in Frameworks */ = {isa = PBXBuildFile; fileRef = D35C371F2480A1F70029CDA8 /* SimpleRoulette.framework */; };
		D35C372E2480A1F70029CDA8 /* SimpleRouletteTests.swift in Sources */ = {isa = PBXBuildFile; fileRef = D35C372D2480A1F70029CDA8 /* SimpleRouletteTests.swift */; };
		D35C37302480A1F70029CDA8 /* SimpleRoulette.h in Headers */ = {isa = PBXBuildFile; fileRef = D35C37222480A1F70029CDA8 /* SimpleRoulette.h */; settings = {ATTRIBUTES = (Public, ); }; };
		D35C37402480A2260029CDA8 /* AppDelegate.swift in Sources */ = {isa = PBXBuildFile; fileRef = D35C373F2480A2260029CDA8 /* AppDelegate.swift */; };
		D35C37422480A2260029CDA8 /* SceneDelegate.swift in Sources */ = {isa = PBXBuildFile; fileRef = D35C37412480A2260029CDA8 /* SceneDelegate.swift */; };
		D35C37442480A2260029CDA8 /* ViewController.swift in Sources */ = {isa = PBXBuildFile; fileRef = D35C37432480A2260029CDA8 /* ViewController.swift */; };
		D35C37492480A2290029CDA8 /* Assets.xcassets in Resources */ = {isa = PBXBuildFile; fileRef = D35C37482480A2290029CDA8 /* Assets.xcassets */; };
		D35C374C2480A2290029CDA8 /* LaunchScreen.storyboard in Resources */ = {isa = PBXBuildFile; fileRef = D35C374A2480A2290029CDA8 /* LaunchScreen.storyboard */; };
		D35C37572480A2290029CDA8 /* SimpleRouletteDemoTests.swift in Sources */ = {isa = PBXBuildFile; fileRef = D35C37562480A2290029CDA8 /* SimpleRouletteDemoTests.swift */; };
		D35C37622480A22A0029CDA8 /* SimpleRouletteDemoUITests.swift in Sources */ = {isa = PBXBuildFile; fileRef = D35C37612480A22A0029CDA8 /* SimpleRouletteDemoUITests.swift */; };
		D387CBB42483ABA10097F6AD /* RouletteAngle.swift in Sources */ = {isa = PBXBuildFile; fileRef = D387CBB32483ABA10097F6AD /* RouletteAngle.swift */; };
		D3A649002480D7AD00BEC651 /* RouletteView.swift in Sources */ = {isa = PBXBuildFile; fileRef = D3A648FF2480D7AD00BEC651 /* RouletteView.swift */; };
		D3A649022480D7F900BEC651 /* RoulettePart.swift in Sources */ = {isa = PBXBuildFile; fileRef = D3A649012480D7F900BEC651 /* RoulettePart.swift */; };
		D3A649042480DB6C00BEC651 /* Radian.swift in Sources */ = {isa = PBXBuildFile; fileRef = D3A649032480DB6C00BEC651 /* Radian.swift */; };
		D3C1267624827B470057D327 /* SimpleRoulette.framework in Frameworks */ = {isa = PBXBuildFile; fileRef = D35C371F2480A1F70029CDA8 /* SimpleRoulette.framework */; };
		D3C1267724827B470057D327 /* SimpleRoulette.framework in Embed Frameworks */ = {isa = PBXBuildFile; fileRef = D35C371F2480A1F70029CDA8 /* SimpleRoulette.framework */; settings = {ATTRIBUTES = (CodeSignOnCopy, RemoveHeadersOnCopy, ); }; };
/* End PBXBuildFile section */

/* Begin PBXContainerItemProxy section */
		D35C372A2480A1F70029CDA8 /* PBXContainerItemProxy */ = {
			isa = PBXContainerItemProxy;
			containerPortal = D35C37162480A1F70029CDA8 /* Project object */;
			proxyType = 1;
			remoteGlobalIDString = D35C371E2480A1F70029CDA8;
			remoteInfo = SimpleRoulette;
		};
		D35C37532480A2290029CDA8 /* PBXContainerItemProxy */ = {
			isa = PBXContainerItemProxy;
			containerPortal = D35C37162480A1F70029CDA8 /* Project object */;
			proxyType = 1;
			remoteGlobalIDString = D35C373C2480A2260029CDA8;
			remoteInfo = SimpleRouletteDemo;
		};
		D35C375E2480A22A0029CDA8 /* PBXContainerItemProxy */ = {
			isa = PBXContainerItemProxy;
			containerPortal = D35C37162480A1F70029CDA8 /* Project object */;
			proxyType = 1;
			remoteGlobalIDString = D35C373C2480A2260029CDA8;
			remoteInfo = SimpleRouletteDemo;
		};
		D3C1267824827B470057D327 /* PBXContainerItemProxy */ = {
			isa = PBXContainerItemProxy;
			containerPortal = D35C37162480A1F70029CDA8 /* Project object */;
			proxyType = 1;
			remoteGlobalIDString = D35C371E2480A1F70029CDA8;
			remoteInfo = SimpleRoulette;
		};
/* End PBXContainerItemProxy section */

/* Begin PBXCopyFilesBuildPhase section */
		D3C1267A24827B470057D327 /* Embed Frameworks */ = {
			isa = PBXCopyFilesBuildPhase;
			buildActionMask = 2147483647;
			dstPath = "";
			dstSubfolderSpec = 10;
			files = (
				D3C1267724827B470057D327 /* SimpleRoulette.framework in Embed Frameworks */,
			);
			name = "Embed Frameworks";
			runOnlyForDeploymentPostprocessing = 0;
		};
/* End PBXCopyFilesBuildPhase section */

/* Begin PBXFileReference section */
		D35C371F2480A1F70029CDA8 /* SimpleRoulette.framework */ = {isa = PBXFileReference; explicitFileType = wrapper.framework; includeInIndex = 0; path = SimpleRoulette.framework; sourceTree = BUILT_PRODUCTS_DIR; };
		D35C37222480A1F70029CDA8 /* SimpleRoulette.h */ = {isa = PBXFileReference; lastKnownFileType = sourcecode.c.h; path = SimpleRoulette.h; sourceTree = "<group>"; };
		D35C37232480A1F70029CDA8 /* Info.plist */ = {isa = PBXFileReference; lastKnownFileType = text.plist.xml; path = Info.plist; sourceTree = "<group>"; };
		D35C37282480A1F70029CDA8 /* SimpleRouletteTests.xctest */ = {isa = PBXFileReference; explicitFileType = wrapper.cfbundle; includeInIndex = 0; path = SimpleRouletteTests.xctest; sourceTree = BUILT_PRODUCTS_DIR; };
		D35C372D2480A1F70029CDA8 /* SimpleRouletteTests.swift */ = {isa = PBXFileReference; lastKnownFileType = sourcecode.swift; path = SimpleRouletteTests.swift; sourceTree = "<group>"; };
		D35C372F2480A1F70029CDA8 /* Info.plist */ = {isa = PBXFileReference; lastKnownFileType = text.plist.xml; path = Info.plist; sourceTree = "<group>"; };
		D35C373D2480A2260029CDA8 /* SimpleRouletteDemo.app */ = {isa = PBXFileReference; explicitFileType = wrapper.application; includeInIndex = 0; path = SimpleRouletteDemo.app; sourceTree = BUILT_PRODUCTS_DIR; };
		D35C373F2480A2260029CDA8 /* AppDelegate.swift */ = {isa = PBXFileReference; lastKnownFileType = sourcecode.swift; path = AppDelegate.swift; sourceTree = "<group>"; };
		D35C37412480A2260029CDA8 /* SceneDelegate.swift */ = {isa = PBXFileReference; lastKnownFileType = sourcecode.swift; path = SceneDelegate.swift; sourceTree = "<group>"; };
		D35C37432480A2260029CDA8 /* ViewController.swift */ = {isa = PBXFileReference; lastKnownFileType = sourcecode.swift; path = ViewController.swift; sourceTree = "<group>"; };
		D35C37482480A2290029CDA8 /* Assets.xcassets */ = {isa = PBXFileReference; lastKnownFileType = folder.assetcatalog; path = Assets.xcassets; sourceTree = "<group>"; };
		D35C374B2480A2290029CDA8 /* Base */ = {isa = PBXFileReference; lastKnownFileType = file.storyboard; name = Base; path = Base.lproj/LaunchScreen.storyboard; sourceTree = "<group>"; };
		D35C374D2480A2290029CDA8 /* Info.plist */ = {isa = PBXFileReference; lastKnownFileType = text.plist.xml; path = Info.plist; sourceTree = "<group>"; };
		D35C37522480A2290029CDA8 /* SimpleRouletteDemoTests.xctest */ = {isa = PBXFileReference; explicitFileType = wrapper.cfbundle; includeInIndex = 0; path = SimpleRouletteDemoTests.xctest; sourceTree = BUILT_PRODUCTS_DIR; };
		D35C37562480A2290029CDA8 /* SimpleRouletteDemoTests.swift */ = {isa = PBXFileReference; lastKnownFileType = sourcecode.swift; path = SimpleRouletteDemoTests.swift; sourceTree = "<group>"; };
		D35C37582480A2290029CDA8 /* Info.plist */ = {isa = PBXFileReference; lastKnownFileType = text.plist.xml; path = Info.plist; sourceTree = "<group>"; };
		D35C375D2480A22A0029CDA8 /* SimpleRouletteDemoUITests.xctest */ = {isa = PBXFileReference; explicitFileType = wrapper.cfbundle; includeInIndex = 0; path = SimpleRouletteDemoUITests.xctest; sourceTree = BUILT_PRODUCTS_DIR; };
		D35C37612480A22A0029CDA8 /* SimpleRouletteDemoUITests.swift */ = {isa = PBXFileReference; lastKnownFileType = sourcecode.swift; path = SimpleRouletteDemoUITests.swift; sourceTree = "<group>"; };
		D35C37632480A22A0029CDA8 /* Info.plist */ = {isa = PBXFileReference; lastKnownFileType = text.plist.xml; path = Info.plist; sourceTree = "<group>"; };
		D387CBB32483ABA10097F6AD /* RouletteAngle.swift */ = {isa = PBXFileReference; lastKnownFileType = sourcecode.swift; path = RouletteAngle.swift; sourceTree = "<group>"; };
		D3A648FF2480D7AD00BEC651 /* RouletteView.swift */ = {isa = PBXFileReference; lastKnownFileType = sourcecode.swift; path = RouletteView.swift; sourceTree = "<group>"; };
		D3A649012480D7F900BEC651 /* RoulettePart.swift */ = {isa = PBXFileReference; lastKnownFileType = sourcecode.swift; path = RoulettePart.swift; sourceTree = "<group>"; };
		D3A649032480DB6C00BEC651 /* Radian.swift */ = {isa = PBXFileReference; lastKnownFileType = sourcecode.swift; path = Radian.swift; sourceTree = "<group>"; };
/* End PBXFileReference section */

/* Begin PBXFrameworksBuildPhase section */
		D35C371C2480A1F70029CDA8 /* Frameworks */ = {
			isa = PBXFrameworksBuildPhase;
			buildActionMask = 2147483647;
			files = (
			);
			runOnlyForDeploymentPostprocessing = 0;
		};
		D35C37252480A1F70029CDA8 /* Frameworks */ = {
			isa = PBXFrameworksBuildPhase;
			buildActionMask = 2147483647;
			files = (
				D35C37292480A1F70029CDA8 /* SimpleRoulette.framework in Frameworks */,
			);
			runOnlyForDeploymentPostprocessing = 0;
		};
		D35C373A2480A2260029CDA8 /* Frameworks */ = {
			isa = PBXFrameworksBuildPhase;
			buildActionMask = 2147483647;
			files = (
				D3C1267624827B470057D327 /* SimpleRoulette.framework in Frameworks */,
			);
			runOnlyForDeploymentPostprocessing = 0;
		};
		D35C374F2480A2290029CDA8 /* Frameworks */ = {
			isa = PBXFrameworksBuildPhase;
			buildActionMask = 2147483647;
			files = (
			);
			runOnlyForDeploymentPostprocessing = 0;
		};
		D35C375A2480A2290029CDA8 /* Frameworks */ = {
			isa = PBXFrameworksBuildPhase;
			buildActionMask = 2147483647;
			files = (
			);
			runOnlyForDeploymentPostprocessing = 0;
		};
/* End PBXFrameworksBuildPhase section */

/* Begin PBXGroup section */
		D35C37152480A1F70029CDA8 = {
			isa = PBXGroup;
			children = (
				D35C37212480A1F70029CDA8 /* SimpleRoulette */,
				D35C372C2480A1F70029CDA8 /* SimpleRouletteTests */,
				D35C373E2480A2260029CDA8 /* SimpleRouletteDemo */,
				D35C37552480A2290029CDA8 /* SimpleRouletteDemoTests */,
				D35C37602480A22A0029CDA8 /* SimpleRouletteDemoUITests */,
				D35C37202480A1F70029CDA8 /* Products */,
				D3C1267524827B470057D327 /* Frameworks */,
			);
			sourceTree = "<group>";
		};
		D35C37202480A1F70029CDA8 /* Products */ = {
			isa = PBXGroup;
			children = (
				D35C371F2480A1F70029CDA8 /* SimpleRoulette.framework */,
				D35C37282480A1F70029CDA8 /* SimpleRouletteTests.xctest */,
				D35C373D2480A2260029CDA8 /* SimpleRouletteDemo.app */,
				D35C37522480A2290029CDA8 /* SimpleRouletteDemoTests.xctest */,
				D35C375D2480A22A0029CDA8 /* SimpleRouletteDemoUITests.xctest */,
			);
			name = Products;
			sourceTree = "<group>";
		};
		D35C37212480A1F70029CDA8 /* SimpleRoulette */ = {
			isa = PBXGroup;
			children = (
				D35C37222480A1F70029CDA8 /* SimpleRoulette.h */,
				D35C37232480A1F70029CDA8 /* Info.plist */,
				D3A649032480DB6C00BEC651 /* Radian.swift */,
				D387CBB32483ABA10097F6AD /* RouletteAngle.swift */,
				D3A649012480D7F900BEC651 /* RoulettePart.swift */,
				D3A648FF2480D7AD00BEC651 /* RouletteView.swift */,
			);
			path = SimpleRoulette;
			sourceTree = "<group>";
		};
		D35C372C2480A1F70029CDA8 /* SimpleRouletteTests */ = {
			isa = PBXGroup;
			children = (
				D35C372D2480A1F70029CDA8 /* SimpleRouletteTests.swift */,
				D35C372F2480A1F70029CDA8 /* Info.plist */,
			);
			path = SimpleRouletteTests;
			sourceTree = "<group>";
		};
		D35C373E2480A2260029CDA8 /* SimpleRouletteDemo */ = {
			isa = PBXGroup;
			children = (
				D35C373F2480A2260029CDA8 /* AppDelegate.swift */,
				D35C37412480A2260029CDA8 /* SceneDelegate.swift */,
				D35C37432480A2260029CDA8 /* ViewController.swift */,
				D35C37482480A2290029CDA8 /* Assets.xcassets */,
				D35C374A2480A2290029CDA8 /* LaunchScreen.storyboard */,
				D35C374D2480A2290029CDA8 /* Info.plist */,
			);
			path = SimpleRouletteDemo;
			sourceTree = "<group>";
		};
		D35C37552480A2290029CDA8 /* SimpleRouletteDemoTests */ = {
			isa = PBXGroup;
			children = (
				D35C37562480A2290029CDA8 /* SimpleRouletteDemoTests.swift */,
				D35C37582480A2290029CDA8 /* Info.plist */,
			);
			path = SimpleRouletteDemoTests;
			sourceTree = "<group>";
		};
		D35C37602480A22A0029CDA8 /* SimpleRouletteDemoUITests */ = {
			isa = PBXGroup;
			children = (
				D35C37612480A22A0029CDA8 /* SimpleRouletteDemoUITests.swift */,
				D35C37632480A22A0029CDA8 /* Info.plist */,
			);
			path = SimpleRouletteDemoUITests;
			sourceTree = "<group>";
		};
		D3C1267524827B470057D327 /* Frameworks */ = {
			isa = PBXGroup;
			children = (
			);
			name = Frameworks;
			sourceTree = "<group>";
		};
/* End PBXGroup section */

/* Begin PBXHeadersBuildPhase section */
		D35C371A2480A1F70029CDA8 /* Headers */ = {
			isa = PBXHeadersBuildPhase;
			buildActionMask = 2147483647;
			files = (
				D35C37302480A1F70029CDA8 /* SimpleRoulette.h in Headers */,
			);
			runOnlyForDeploymentPostprocessing = 0;
		};
/* End PBXHeadersBuildPhase section */

/* Begin PBXNativeTarget section */
		D35C371E2480A1F70029CDA8 /* SimpleRoulette */ = {
			isa = PBXNativeTarget;
			buildConfigurationList = D35C37332480A1F70029CDA8 /* Build configuration list for PBXNativeTarget "SimpleRoulette" */;
			buildPhases = (
				D35C371A2480A1F70029CDA8 /* Headers */,
				D35C371B2480A1F70029CDA8 /* Sources */,
				D35C371C2480A1F70029CDA8 /* Frameworks */,
				D35C371D2480A1F70029CDA8 /* Resources */,
			);
			buildRules = (
			);
			dependencies = (
			);
			name = SimpleRoulette;
			productName = SimpleRoulette;
			productReference = D35C371F2480A1F70029CDA8 /* SimpleRoulette.framework */;
			productType = "com.apple.product-type.framework";
		};
		D35C37272480A1F70029CDA8 /* SimpleRouletteTests */ = {
			isa = PBXNativeTarget;
			buildConfigurationList = D35C37362480A1F70029CDA8 /* Build configuration list for PBXNativeTarget "SimpleRouletteTests" */;
			buildPhases = (
				D35C37242480A1F70029CDA8 /* Sources */,
				D35C37252480A1F70029CDA8 /* Frameworks */,
				D35C37262480A1F70029CDA8 /* Resources */,
			);
			buildRules = (
			);
			dependencies = (
				D35C372B2480A1F70029CDA8 /* PBXTargetDependency */,
			);
			name = SimpleRouletteTests;
			productName = SimpleRouletteTests;
			productReference = D35C37282480A1F70029CDA8 /* SimpleRouletteTests.xctest */;
			productType = "com.apple.product-type.bundle.unit-test";
		};
		D35C373C2480A2260029CDA8 /* SimpleRouletteDemo */ = {
			isa = PBXNativeTarget;
			buildConfigurationList = D35C37642480A22A0029CDA8 /* Build configuration list for PBXNativeTarget "SimpleRouletteDemo" */;
			buildPhases = (
				D35C37392480A2260029CDA8 /* Sources */,
				D35C373A2480A2260029CDA8 /* Frameworks */,
				D35C373B2480A2260029CDA8 /* Resources */,
				D3C1267A24827B470057D327 /* Embed Frameworks */,
			);
			buildRules = (
			);
			dependencies = (
				D3C1267924827B470057D327 /* PBXTargetDependency */,
			);
			name = SimpleRouletteDemo;
			productName = SimpleRouletteDemo;
			productReference = D35C373D2480A2260029CDA8 /* SimpleRouletteDemo.app */;
			productType = "com.apple.product-type.application";
		};
		D35C37512480A2290029CDA8 /* SimpleRouletteDemoTests */ = {
			isa = PBXNativeTarget;
			buildConfigurationList = D35C37672480A22A0029CDA8 /* Build configuration list for PBXNativeTarget "SimpleRouletteDemoTests" */;
			buildPhases = (
				D35C374E2480A2290029CDA8 /* Sources */,
				D35C374F2480A2290029CDA8 /* Frameworks */,
				D35C37502480A2290029CDA8 /* Resources */,
			);
			buildRules = (
			);
			dependencies = (
				D35C37542480A2290029CDA8 /* PBXTargetDependency */,
			);
			name = SimpleRouletteDemoTests;
			productName = SimpleRouletteDemoTests;
			productReference = D35C37522480A2290029CDA8 /* SimpleRouletteDemoTests.xctest */;
			productType = "com.apple.product-type.bundle.unit-test";
		};
		D35C375C2480A2290029CDA8 /* SimpleRouletteDemoUITests */ = {
			isa = PBXNativeTarget;
			buildConfigurationList = D35C376A2480A22A0029CDA8 /* Build configuration list for PBXNativeTarget "SimpleRouletteDemoUITests" */;
			buildPhases = (
				D35C37592480A2290029CDA8 /* Sources */,
				D35C375A2480A2290029CDA8 /* Frameworks */,
				D35C375B2480A2290029CDA8 /* Resources */,
			);
			buildRules = (
			);
			dependencies = (
				D35C375F2480A22A0029CDA8 /* PBXTargetDependency */,
			);
			name = SimpleRouletteDemoUITests;
			productName = SimpleRouletteDemoUITests;
			productReference = D35C375D2480A22A0029CDA8 /* SimpleRouletteDemoUITests.xctest */;
			productType = "com.apple.product-type.bundle.ui-testing";
		};
/* End PBXNativeTarget section */

/* Begin PBXProject section */
		D35C37162480A1F70029CDA8 /* Project object */ = {
			isa = PBXProject;
			attributes = {
				LastSwiftUpdateCheck = 1150;
				LastUpgradeCheck = 1150;
				ORGANIZATIONNAME = "Fumiya Tanaka";
				TargetAttributes = {
					D35C371E2480A1F70029CDA8 = {
						CreatedOnToolsVersion = 11.5;
						LastSwiftMigration = 1150;
					};
					D35C37272480A1F70029CDA8 = {
						CreatedOnToolsVersion = 11.5;
					};
					D35C373C2480A2260029CDA8 = {
						CreatedOnToolsVersion = 11.5;
					};
					D35C37512480A2290029CDA8 = {
						CreatedOnToolsVersion = 11.5;
						TestTargetID = D35C373C2480A2260029CDA8;
					};
					D35C375C2480A2290029CDA8 = {
						CreatedOnToolsVersion = 11.5;
						TestTargetID = D35C373C2480A2260029CDA8;
					};
				};
			};
			buildConfigurationList = D35C37192480A1F70029CDA8 /* Build configuration list for PBXProject "SimpleRoulette" */;
			compatibilityVersion = "Xcode 9.3";
			developmentRegion = en;
			hasScannedForEncodings = 0;
			knownRegions = (
				en,
				Base,
			);
			mainGroup = D35C37152480A1F70029CDA8;
			productRefGroup = D35C37202480A1F70029CDA8 /* Products */;
			projectDirPath = "";
			projectRoot = "";
			targets = (
				D35C371E2480A1F70029CDA8 /* SimpleRoulette */,
				D35C37272480A1F70029CDA8 /* SimpleRouletteTests */,
				D35C373C2480A2260029CDA8 /* SimpleRouletteDemo */,
				D35C37512480A2290029CDA8 /* SimpleRouletteDemoTests */,
				D35C375C2480A2290029CDA8 /* SimpleRouletteDemoUITests */,
			);
		};
/* End PBXProject section */

/* Begin PBXResourcesBuildPhase section */
		D35C371D2480A1F70029CDA8 /* Resources */ = {
			isa = PBXResourcesBuildPhase;
			buildActionMask = 2147483647;
			files = (
			);
			runOnlyForDeploymentPostprocessing = 0;
		};
		D35C37262480A1F70029CDA8 /* Resources */ = {
			isa = PBXResourcesBuildPhase;
			buildActionMask = 2147483647;
			files = (
			);
			runOnlyForDeploymentPostprocessing = 0;
		};
		D35C373B2480A2260029CDA8 /* Resources */ = {
			isa = PBXResourcesBuildPhase;
			buildActionMask = 2147483647;
			files = (
				D35C374C2480A2290029CDA8 /* LaunchScreen.storyboard in Resources */,
				D35C37492480A2290029CDA8 /* Assets.xcassets in Resources */,
			);
			runOnlyForDeploymentPostprocessing = 0;
		};
		D35C37502480A2290029CDA8 /* Resources */ = {
			isa = PBXResourcesBuildPhase;
			buildActionMask = 2147483647;
			files = (
			);
			runOnlyForDeploymentPostprocessing = 0;
		};
		D35C375B2480A2290029CDA8 /* Resources */ = {
			isa = PBXResourcesBuildPhase;
			buildActionMask = 2147483647;
			files = (
			);
			runOnlyForDeploymentPostprocessing = 0;
		};
/* End PBXResourcesBuildPhase section */

/* Begin PBXSourcesBuildPhase section */
		D35C371B2480A1F70029CDA8 /* Sources */ = {
			isa = PBXSourcesBuildPhase;
			buildActionMask = 2147483647;
			files = (
				D3A649022480D7F900BEC651 /* RoulettePart.swift in Sources */,
				D387CBB42483ABA10097F6AD /* RouletteAngle.swift in Sources */,
				D3A649042480DB6C00BEC651 /* Radian.swift in Sources */,
				D3A649002480D7AD00BEC651 /* RouletteView.swift in Sources */,
			);
			runOnlyForDeploymentPostprocessing = 0;
		};
		D35C37242480A1F70029CDA8 /* Sources */ = {
			isa = PBXSourcesBuildPhase;
			buildActionMask = 2147483647;
			files = (
				D35C372E2480A1F70029CDA8 /* SimpleRouletteTests.swift in Sources */,
			);
			runOnlyForDeploymentPostprocessing = 0;
		};
		D35C37392480A2260029CDA8 /* Sources */ = {
			isa = PBXSourcesBuildPhase;
			buildActionMask = 2147483647;
			files = (
				D35C37442480A2260029CDA8 /* ViewController.swift in Sources */,
				D35C37402480A2260029CDA8 /* AppDelegate.swift in Sources */,
				D35C37422480A2260029CDA8 /* SceneDelegate.swift in Sources */,
			);
			runOnlyForDeploymentPostprocessing = 0;
		};
		D35C374E2480A2290029CDA8 /* Sources */ = {
			isa = PBXSourcesBuildPhase;
			buildActionMask = 2147483647;
			files = (
				D35C37572480A2290029CDA8 /* SimpleRouletteDemoTests.swift in Sources */,
			);
			runOnlyForDeploymentPostprocessing = 0;
		};
		D35C37592480A2290029CDA8 /* Sources */ = {
			isa = PBXSourcesBuildPhase;
			buildActionMask = 2147483647;
			files = (
				D35C37622480A22A0029CDA8 /* SimpleRouletteDemoUITests.swift in Sources */,
			);
			runOnlyForDeploymentPostprocessing = 0;
		};
/* End PBXSourcesBuildPhase section */

/* Begin PBXTargetDependency section */
		D35C372B2480A1F70029CDA8 /* PBXTargetDependency */ = {
			isa = PBXTargetDependency;
			target = D35C371E2480A1F70029CDA8 /* SimpleRoulette */;
			targetProxy = D35C372A2480A1F70029CDA8 /* PBXContainerItemProxy */;
		};
		D35C37542480A2290029CDA8 /* PBXTargetDependency */ = {
			isa = PBXTargetDependency;
			target = D35C373C2480A2260029CDA8 /* SimpleRouletteDemo */;
			targetProxy = D35C37532480A2290029CDA8 /* PBXContainerItemProxy */;
		};
		D35C375F2480A22A0029CDA8 /* PBXTargetDependency */ = {
			isa = PBXTargetDependency;
			target = D35C373C2480A2260029CDA8 /* SimpleRouletteDemo */;
			targetProxy = D35C375E2480A22A0029CDA8 /* PBXContainerItemProxy */;
		};
		D3C1267924827B470057D327 /* PBXTargetDependency */ = {
			isa = PBXTargetDependency;
			target = D35C371E2480A1F70029CDA8 /* SimpleRoulette */;
			targetProxy = D3C1267824827B470057D327 /* PBXContainerItemProxy */;
		};
/* End PBXTargetDependency section */

/* Begin PBXVariantGroup section */
		D35C374A2480A2290029CDA8 /* LaunchScreen.storyboard */ = {
			isa = PBXVariantGroup;
			children = (
				D35C374B2480A2290029CDA8 /* Base */,
			);
			name = LaunchScreen.storyboard;
			sourceTree = "<group>";
		};
/* End PBXVariantGroup section */

/* Begin XCBuildConfiguration section */
		D35C37312480A1F70029CDA8 /* Debug */ = {
			isa = XCBuildConfiguration;
			buildSettings = {
				ALWAYS_SEARCH_USER_PATHS = NO;
				CLANG_ANALYZER_NONNULL = YES;
				CLANG_ANALYZER_NUMBER_OBJECT_CONVERSION = YES_AGGRESSIVE;
				CLANG_CXX_LANGUAGE_STANDARD = "gnu++14";
				CLANG_CXX_LIBRARY = "libc++";
				CLANG_ENABLE_MODULES = YES;
				CLANG_ENABLE_OBJC_ARC = YES;
				CLANG_ENABLE_OBJC_WEAK = YES;
				CLANG_WARN_BLOCK_CAPTURE_AUTORELEASING = YES;
				CLANG_WARN_BOOL_CONVERSION = YES;
				CLANG_WARN_COMMA = YES;
				CLANG_WARN_CONSTANT_CONVERSION = YES;
				CLANG_WARN_DEPRECATED_OBJC_IMPLEMENTATIONS = YES;
				CLANG_WARN_DIRECT_OBJC_ISA_USAGE = YES_ERROR;
				CLANG_WARN_DOCUMENTATION_COMMENTS = YES;
				CLANG_WARN_EMPTY_BODY = YES;
				CLANG_WARN_ENUM_CONVERSION = YES;
				CLANG_WARN_INFINITE_RECURSION = YES;
				CLANG_WARN_INT_CONVERSION = YES;
				CLANG_WARN_NON_LITERAL_NULL_CONVERSION = YES;
				CLANG_WARN_OBJC_IMPLICIT_RETAIN_SELF = YES;
				CLANG_WARN_OBJC_LITERAL_CONVERSION = YES;
				CLANG_WARN_OBJC_ROOT_CLASS = YES_ERROR;
				CLANG_WARN_RANGE_LOOP_ANALYSIS = YES;
				CLANG_WARN_STRICT_PROTOTYPES = YES;
				CLANG_WARN_SUSPICIOUS_MOVE = YES;
				CLANG_WARN_UNGUARDED_AVAILABILITY = YES_AGGRESSIVE;
				CLANG_WARN_UNREACHABLE_CODE = YES;
				CLANG_WARN__DUPLICATE_METHOD_MATCH = YES;
				COPY_PHASE_STRIP = NO;
				CURRENT_PROJECT_VERSION = 1;
				DEBUG_INFORMATION_FORMAT = dwarf;
				ENABLE_STRICT_OBJC_MSGSEND = YES;
				ENABLE_TESTABILITY = YES;
				GCC_C_LANGUAGE_STANDARD = gnu11;
				GCC_DYNAMIC_NO_PIC = NO;
				GCC_NO_COMMON_BLOCKS = YES;
				GCC_OPTIMIZATION_LEVEL = 0;
				GCC_PREPROCESSOR_DEFINITIONS = (
					"DEBUG=1",
					"$(inherited)",
				);
				GCC_WARN_64_TO_32_BIT_CONVERSION = YES;
				GCC_WARN_ABOUT_RETURN_TYPE = YES_ERROR;
				GCC_WARN_UNDECLARED_SELECTOR = YES;
				GCC_WARN_UNINITIALIZED_AUTOS = YES_AGGRESSIVE;
				GCC_WARN_UNUSED_FUNCTION = YES;
				GCC_WARN_UNUSED_VARIABLE = YES;
				IPHONEOS_DEPLOYMENT_TARGET = 13.5;
				MTL_ENABLE_DEBUG_INFO = INCLUDE_SOURCE;
				MTL_FAST_MATH = YES;
				ONLY_ACTIVE_ARCH = YES;
				SDKROOT = iphoneos;
				SWIFT_ACTIVE_COMPILATION_CONDITIONS = DEBUG;
				SWIFT_OPTIMIZATION_LEVEL = "-Onone";
				VERSIONING_SYSTEM = "apple-generic";
				VERSION_INFO_PREFIX = "";
			};
			name = Debug;
		};
		D35C37322480A1F70029CDA8 /* Release */ = {
			isa = XCBuildConfiguration;
			buildSettings = {
				ALWAYS_SEARCH_USER_PATHS = NO;
				CLANG_ANALYZER_NONNULL = YES;
				CLANG_ANALYZER_NUMBER_OBJECT_CONVERSION = YES_AGGRESSIVE;
				CLANG_CXX_LANGUAGE_STANDARD = "gnu++14";
				CLANG_CXX_LIBRARY = "libc++";
				CLANG_ENABLE_MODULES = YES;
				CLANG_ENABLE_OBJC_ARC = YES;
				CLANG_ENABLE_OBJC_WEAK = YES;
				CLANG_WARN_BLOCK_CAPTURE_AUTORELEASING = YES;
				CLANG_WARN_BOOL_CONVERSION = YES;
				CLANG_WARN_COMMA = YES;
				CLANG_WARN_CONSTANT_CONVERSION = YES;
				CLANG_WARN_DEPRECATED_OBJC_IMPLEMENTATIONS = YES;
				CLANG_WARN_DIRECT_OBJC_ISA_USAGE = YES_ERROR;
				CLANG_WARN_DOCUMENTATION_COMMENTS = YES;
				CLANG_WARN_EMPTY_BODY = YES;
				CLANG_WARN_ENUM_CONVERSION = YES;
				CLANG_WARN_INFINITE_RECURSION = YES;
				CLANG_WARN_INT_CONVERSION = YES;
				CLANG_WARN_NON_LITERAL_NULL_CONVERSION = YES;
				CLANG_WARN_OBJC_IMPLICIT_RETAIN_SELF = YES;
				CLANG_WARN_OBJC_LITERAL_CONVERSION = YES;
				CLANG_WARN_OBJC_ROOT_CLASS = YES_ERROR;
				CLANG_WARN_RANGE_LOOP_ANALYSIS = YES;
				CLANG_WARN_STRICT_PROTOTYPES = YES;
				CLANG_WARN_SUSPICIOUS_MOVE = YES;
				CLANG_WARN_UNGUARDED_AVAILABILITY = YES_AGGRESSIVE;
				CLANG_WARN_UNREACHABLE_CODE = YES;
				CLANG_WARN__DUPLICATE_METHOD_MATCH = YES;
				COPY_PHASE_STRIP = NO;
				CURRENT_PROJECT_VERSION = 1;
				DEBUG_INFORMATION_FORMAT = "dwarf-with-dsym";
				ENABLE_NS_ASSERTIONS = NO;
				ENABLE_STRICT_OBJC_MSGSEND = YES;
				GCC_C_LANGUAGE_STANDARD = gnu11;
				GCC_NO_COMMON_BLOCKS = YES;
				GCC_WARN_64_TO_32_BIT_CONVERSION = YES;
				GCC_WARN_ABOUT_RETURN_TYPE = YES_ERROR;
				GCC_WARN_UNDECLARED_SELECTOR = YES;
				GCC_WARN_UNINITIALIZED_AUTOS = YES_AGGRESSIVE;
				GCC_WARN_UNUSED_FUNCTION = YES;
				GCC_WARN_UNUSED_VARIABLE = YES;
				IPHONEOS_DEPLOYMENT_TARGET = 13.5;
				MTL_ENABLE_DEBUG_INFO = NO;
				MTL_FAST_MATH = YES;
				SDKROOT = iphoneos;
				SWIFT_COMPILATION_MODE = wholemodule;
				SWIFT_OPTIMIZATION_LEVEL = "-O";
				VALIDATE_PRODUCT = YES;
				VERSIONING_SYSTEM = "apple-generic";
				VERSION_INFO_PREFIX = "";
			};
			name = Release;
		};
		D35C37342480A1F70029CDA8 /* Debug */ = {
			isa = XCBuildConfiguration;
			buildSettings = {
				CLANG_ENABLE_MODULES = YES;
				CODE_SIGN_STYLE = Automatic;
				DEFINES_MODULE = YES;
				DEVELOPMENT_TEAM = 2X6AD4W323;
				DYLIB_COMPATIBILITY_VERSION = 1;
				DYLIB_CURRENT_VERSION = 1;
				DYLIB_INSTALL_NAME_BASE = "@rpath";
				INFOPLIST_FILE = SimpleRoulette/Info.plist;
				INSTALL_PATH = "$(LOCAL_LIBRARY_DIR)/Frameworks";
				LD_RUNPATH_SEARCH_PATHS = (
					"$(inherited)",
					"@executable_path/Frameworks",
					"@loader_path/Frameworks",
				);
				PRODUCT_BUNDLE_IDENTIFIER = dev.fummicc1.SimpleRoulette;
				PRODUCT_NAME = "$(TARGET_NAME:c99extidentifier)";
				SKIP_INSTALL = YES;
				SWIFT_OPTIMIZATION_LEVEL = "-Onone";
				SWIFT_VERSION = 5.0;
				TARGETED_DEVICE_FAMILY = "1,2";
			};
			name = Debug;
		};
		D35C37352480A1F70029CDA8 /* Release */ = {
			isa = XCBuildConfiguration;
			buildSettings = {
				CLANG_ENABLE_MODULES = YES;
				CODE_SIGN_STYLE = Automatic;
				DEFINES_MODULE = YES;
				DEVELOPMENT_TEAM = 2X6AD4W323;
				DYLIB_COMPATIBILITY_VERSION = 1;
				DYLIB_CURRENT_VERSION = 1;
				DYLIB_INSTALL_NAME_BASE = "@rpath";
				INFOPLIST_FILE = SimpleRoulette/Info.plist;
				INSTALL_PATH = "$(LOCAL_LIBRARY_DIR)/Frameworks";
				LD_RUNPATH_SEARCH_PATHS = (
					"$(inherited)",
					"@executable_path/Frameworks",
					"@loader_path/Frameworks",
				);
				PRODUCT_BUNDLE_IDENTIFIER = dev.fummicc1.SimpleRoulette;
				PRODUCT_NAME = "$(TARGET_NAME:c99extidentifier)";
				SKIP_INSTALL = YES;
				SWIFT_VERSION = 5.0;
				TARGETED_DEVICE_FAMILY = "1,2";
			};
			name = Release;
		};
		D35C37372480A1F70029CDA8 /* Debug */ = {
			isa = XCBuildConfiguration;
			buildSettings = {
				ALWAYS_EMBED_SWIFT_STANDARD_LIBRARIES = YES;
				CODE_SIGN_STYLE = Automatic;
				DEVELOPMENT_TEAM = 2X6AD4W323;
				INFOPLIST_FILE = SimpleRouletteTests/Info.plist;
				LD_RUNPATH_SEARCH_PATHS = (
					"$(inherited)",
					"@executable_path/Frameworks",
					"@loader_path/Frameworks",
				);
				PRODUCT_BUNDLE_IDENTIFIER = dev.fummicc1.SimpleRouletteTests;
				PRODUCT_NAME = "$(TARGET_NAME)";
				SWIFT_VERSION = 5.0;
				TARGETED_DEVICE_FAMILY = "1,2";
			};
			name = Debug;
		};
		D35C37382480A1F70029CDA8 /* Release */ = {
			isa = XCBuildConfiguration;
			buildSettings = {
				ALWAYS_EMBED_SWIFT_STANDARD_LIBRARIES = YES;
				CODE_SIGN_STYLE = Automatic;
				DEVELOPMENT_TEAM = 2X6AD4W323;
				INFOPLIST_FILE = SimpleRouletteTests/Info.plist;
				LD_RUNPATH_SEARCH_PATHS = (
					"$(inherited)",
					"@executable_path/Frameworks",
					"@loader_path/Frameworks",
				);
				PRODUCT_BUNDLE_IDENTIFIER = dev.fummicc1.SimpleRouletteTests;
				PRODUCT_NAME = "$(TARGET_NAME)";
				SWIFT_VERSION = 5.0;
				TARGETED_DEVICE_FAMILY = "1,2";
			};
			name = Release;
		};
		D35C37652480A22A0029CDA8 /* Debug */ = {
			isa = XCBuildConfiguration;
			buildSettings = {
				ASSETCATALOG_COMPILER_APPICON_NAME = AppIcon;
				CODE_SIGN_STYLE = Automatic;
				DEVELOPMENT_TEAM = 2X6AD4W323;
				INFOPLIST_FILE = SimpleRouletteDemo/Info.plist;
				LD_RUNPATH_SEARCH_PATHS = (
					"$(inherited)",
					"@executable_path/Frameworks",
				);
				PRODUCT_BUNDLE_IDENTIFIER = dev.fummicc1.demo.SimpleRouletteDemo;
				PRODUCT_NAME = "$(TARGET_NAME)";
				SWIFT_VERSION = 5.0;
				TARGETED_DEVICE_FAMILY = "1,2";
			};
			name = Debug;
		};
		D35C37662480A22A0029CDA8 /* Release */ = {
			isa = XCBuildConfiguration;
			buildSettings = {
				ASSETCATALOG_COMPILER_APPICON_NAME = AppIcon;
				CODE_SIGN_STYLE = Automatic;
				DEVELOPMENT_TEAM = 2X6AD4W323;
				INFOPLIST_FILE = SimpleRouletteDemo/Info.plist;
				LD_RUNPATH_SEARCH_PATHS = (
					"$(inherited)",
					"@executable_path/Frameworks",
				);
				PRODUCT_BUNDLE_IDENTIFIER = dev.fummicc1.demo.SimpleRouletteDemo;
				PRODUCT_NAME = "$(TARGET_NAME)";
				SWIFT_VERSION = 5.0;
				TARGETED_DEVICE_FAMILY = "1,2";
			};
			name = Release;
		};
		D35C37682480A22A0029CDA8 /* Debug */ = {
			isa = XCBuildConfiguration;
			buildSettings = {
				ALWAYS_EMBED_SWIFT_STANDARD_LIBRARIES = YES;
				BUNDLE_LOADER = "$(TEST_HOST)";
				CODE_SIGN_STYLE = Automatic;
				DEVELOPMENT_TEAM = 2X6AD4W323;
				INFOPLIST_FILE = SimpleRouletteDemoTests/Info.plist;
				IPHONEOS_DEPLOYMENT_TARGET = 13.5;
				LD_RUNPATH_SEARCH_PATHS = (
					"$(inherited)",
					"@executable_path/Frameworks",
					"@loader_path/Frameworks",
				);
				PRODUCT_BUNDLE_IDENTIFIER = dev.fummicc1.demo.SimpleRouletteDemoTests;
				PRODUCT_NAME = "$(TARGET_NAME)";
				SWIFT_VERSION = 5.0;
				TARGETED_DEVICE_FAMILY = "1,2";
				TEST_HOST = "$(BUILT_PRODUCTS_DIR)/SimpleRouletteDemo.app/SimpleRouletteDemo";
			};
			name = Debug;
		};
		D35C37692480A22A0029CDA8 /* Release */ = {
			isa = XCBuildConfiguration;
			buildSettings = {
				ALWAYS_EMBED_SWIFT_STANDARD_LIBRARIES = YES;
				BUNDLE_LOADER = "$(TEST_HOST)";
				CODE_SIGN_STYLE = Automatic;
				DEVELOPMENT_TEAM = 2X6AD4W323;
				INFOPLIST_FILE = SimpleRouletteDemoTests/Info.plist;
				IPHONEOS_DEPLOYMENT_TARGET = 13.5;
				LD_RUNPATH_SEARCH_PATHS = (
					"$(inherited)",
					"@executable_path/Frameworks",
					"@loader_path/Frameworks",
				);
				PRODUCT_BUNDLE_IDENTIFIER = dev.fummicc1.demo.SimpleRouletteDemoTests;
				PRODUCT_NAME = "$(TARGET_NAME)";
				SWIFT_VERSION = 5.0;
				TARGETED_DEVICE_FAMILY = "1,2";
				TEST_HOST = "$(BUILT_PRODUCTS_DIR)/SimpleRouletteDemo.app/SimpleRouletteDemo";
			};
			name = Release;
		};
		D35C376B2480A22A0029CDA8 /* Debug */ = {
			isa = XCBuildConfiguration;
			buildSettings = {
				ALWAYS_EMBED_SWIFT_STANDARD_LIBRARIES = YES;
				CODE_SIGN_STYLE = Automatic;
				DEVELOPMENT_TEAM = 2X6AD4W323;
				INFOPLIST_FILE = SimpleRouletteDemoUITests/Info.plist;
				LD_RUNPATH_SEARCH_PATHS = (
					"$(inherited)",
					"@executable_path/Frameworks",
					"@loader_path/Frameworks",
				);
				PRODUCT_BUNDLE_IDENTIFIER = dev.fummicc1.demo.SimpleRouletteDemoUITests;
				PRODUCT_NAME = "$(TARGET_NAME)";
				SWIFT_VERSION = 5.0;
				TARGETED_DEVICE_FAMILY = "1,2";
				TEST_TARGET_NAME = SimpleRouletteDemo;
			};
			name = Debug;
		};
		D35C376C2480A22A0029CDA8 /* Release */ = {
			isa = XCBuildConfiguration;
			buildSettings = {
				ALWAYS_EMBED_SWIFT_STANDARD_LIBRARIES = YES;
				CODE_SIGN_STYLE = Automatic;
				DEVELOPMENT_TEAM = 2X6AD4W323;
				INFOPLIST_FILE = SimpleRouletteDemoUITests/Info.plist;
				LD_RUNPATH_SEARCH_PATHS = (
					"$(inherited)",
					"@executable_path/Frameworks",
					"@loader_path/Frameworks",
				);
				PRODUCT_BUNDLE_IDENTIFIER = dev.fummicc1.demo.SimpleRouletteDemoUITests;
				PRODUCT_NAME = "$(TARGET_NAME)";
				SWIFT_VERSION = 5.0;
				TARGETED_DEVICE_FAMILY = "1,2";
				TEST_TARGET_NAME = SimpleRouletteDemo;
			};
			name = Release;
		};
/* End XCBuildConfiguration section */

/* Begin XCConfigurationList section */
		D35C37192480A1F70029CDA8 /* Build configuration list for PBXProject "SimpleRoulette" */ = {
			isa = XCConfigurationList;
			buildConfigurations = (
				D35C37312480A1F70029CDA8 /* Debug */,
				D35C37322480A1F70029CDA8 /* Release */,
			);
			defaultConfigurationIsVisible = 0;
			defaultConfigurationName = Release;
		};
		D35C37332480A1F70029CDA8 /* Build configuration list for PBXNativeTarget "SimpleRoulette" */ = {
			isa = XCConfigurationList;
			buildConfigurations = (
				D35C37342480A1F70029CDA8 /* Debug */,
				D35C37352480A1F70029CDA8 /* Release */,
			);
			defaultConfigurationIsVisible = 0;
			defaultConfigurationName = Release;
		};
		D35C37362480A1F70029CDA8 /* Build configuration list for PBXNativeTarget "SimpleRouletteTests" */ = {
			isa = XCConfigurationList;
			buildConfigurations = (
				D35C37372480A1F70029CDA8 /* Debug */,
				D35C37382480A1F70029CDA8 /* Release */,
			);
			defaultConfigurationIsVisible = 0;
			defaultConfigurationName = Release;
		};
		D35C37642480A22A0029CDA8 /* Build configuration list for PBXNativeTarget "SimpleRouletteDemo" */ = {
			isa = XCConfigurationList;
			buildConfigurations = (
				D35C37652480A22A0029CDA8 /* Debug */,
				D35C37662480A22A0029CDA8 /* Release */,
			);
			defaultConfigurationIsVisible = 0;
			defaultConfigurationName = Release;
		};
		D35C37672480A22A0029CDA8 /* Build configuration list for PBXNativeTarget "SimpleRouletteDemoTests" */ = {
			isa = XCConfigurationList;
			buildConfigurations = (
				D35C37682480A22A0029CDA8 /* Debug */,
				D35C37692480A22A0029CDA8 /* Release */,
			);
			defaultConfigurationIsVisible = 0;
			defaultConfigurationName = Release;
		};
		D35C376A2480A22A0029CDA8 /* Build configuration list for PBXNativeTarget "SimpleRouletteDemoUITests" */ = {
			isa = XCConfigurationList;
			buildConfigurations = (
				D35C376B2480A22A0029CDA8 /* Debug */,
				D35C376C2480A22A0029CDA8 /* Release */,
			);
			defaultConfigurationIsVisible = 0;
			defaultConfigurationName = Release;
		};
/* End XCConfigurationList section */
	};
	rootObject = D35C37162480A1F70029CDA8 /* Project object */;
}
